
Microsoft Visual Studio Solution File, Format Version 12.00
# Visual Studio 15
VisualStudioVersion = 15.0.26430.13
MinimumVisualStudioVersion = 10.0.40219.1
Project("{FAE04EC0-301F-11D3-BF4B-00C04F79EFBC}") = "App2.Android", "App2\App2.Android\App2.Android.csproj", "{03BAF5E1-C673-4523-B553-1DF85482AFC6}"
EndProject
Project("{FAE04EC0-301F-11D3-BF4B-00C04F79EFBC}") = "App2", "App2\App2\App2.csproj", "{67517C8D-D22A-4F05-8CFB-54F9A77DF71F}"
EndProject
Project("{FAE04EC0-301F-11D3-BF4B-00C04F79EFBC}") = "App2.UWP", "App2\App2.UWP\App2.UWP.csproj", "{5D725FE4-A864-4FEA-B182-2C52B2067AD6}"
EndProject
Project("{FAE04EC0-301F-11D3-BF4B-00C04F79EFBC}") = "App2.iOS", "App2\App2.iOS\App2.iOS.csproj", "{6479E8FA-81E0-45D1-9A10-78E9FE9FE3D2}"
EndProject
Global
	GlobalSection(SolutionConfigurationPlatforms) = preSolution
		Ad-Hoc|Any CPU = Ad-Hoc|Any CPU
		Ad-Hoc|ARM = Ad-Hoc|ARM
		Ad-Hoc|iPhone = Ad-Hoc|iPhone
		Ad-Hoc|iPhoneSimulator = Ad-Hoc|iPhoneSimulator
		Ad-Hoc|x64 = Ad-Hoc|x64
		Ad-Hoc|x86 = Ad-Hoc|x86
		AppStore|Any CPU = AppStore|Any CPU
		AppStore|ARM = AppStore|ARM
		AppStore|iPhone = AppStore|iPhone
		AppStore|iPhoneSimulator = AppStore|iPhoneSimulator
		AppStore|x64 = AppStore|x64
		AppStore|x86 = AppStore|x86
		Debug|Any CPU = Debug|Any CPU
		Debug|ARM = Debug|ARM
		Debug|iPhone = Debug|iPhone
		Debug|iPhoneSimulator = Debug|iPhoneSimulator
		Debug|x64 = Debug|x64
		Debug|x86 = Debug|x86
		Release|Any CPU = Release|Any CPU
		Release|ARM = Release|ARM
		Release|iPhone = Release|iPhone
		Release|iPhoneSimulator = Release|iPhoneSimulator
		Release|x64 = Release|x64
		Release|x86 = Release|x86
	EndGlobalSection
	GlobalSection(ProjectConfigurationPlatforms) = postSolution
		{03BAF5E1-C673-4523-B553-1DF85482AFC6}.Ad-Hoc|Any CPU.ActiveCfg = Release|Any CPU
		{03BAF5E1-C673-4523-B553-1DF85482AFC6}.Ad-Hoc|Any CPU.Build.0 = Release|Any CPU
		{03BAF5E1-C673-4523-B553-1DF85482AFC6}.Ad-Hoc|Any CPU.Deploy.0 = Release|Any CPU
		{03BAF5E1-C673-4523-B553-1DF85482AFC6}.Ad-Hoc|ARM.ActiveCfg = Release|Any CPU
		{03BAF5E1-C673-4523-B553-1DF85482AFC6}.Ad-Hoc|ARM.Build.0 = Release|Any CPU
		{03BAF5E1-C673-4523-B553-1DF85482AFC6}.Ad-Hoc|ARM.Deploy.0 = Release|Any CPU
		{03BAF5E1-C673-4523-B553-1DF85482AFC6}.Ad-Hoc|iPhone.ActiveCfg = Release|Any CPU
		{03BAF5E1-C673-4523-B553-1DF85482AFC6}.Ad-Hoc|iPhone.Build.0 = Release|Any CPU
		{03BAF5E1-C673-4523-B553-1DF85482AFC6}.Ad-Hoc|iPhone.Deploy.0 = Release|Any CPU
		{03BAF5E1-C673-4523-B553-1DF85482AFC6}.Ad-Hoc|iPhoneSimulator.ActiveCfg = Release|Any CPU
		{03BAF5E1-C673-4523-B553-1DF85482AFC6}.Ad-Hoc|iPhoneSimulator.Build.0 = Release|Any CPU
		{03BAF5E1-C673-4523-B553-1DF85482AFC6}.Ad-Hoc|iPhoneSimulator.Deploy.0 = Release|Any CPU
		{03BAF5E1-C673-4523-B553-1DF85482AFC6}.Ad-Hoc|x64.ActiveCfg = Release|Any CPU
		{03BAF5E1-C673-4523-B553-1DF85482AFC6}.Ad-Hoc|x64.Build.0 = Release|Any CPU
		{03BAF5E1-C673-4523-B553-1DF85482AFC6}.Ad-Hoc|x64.Deploy.0 = Release|Any CPU
		{03BAF5E1-C673-4523-B553-1DF85482AFC6}.Ad-Hoc|x86.ActiveCfg = Release|Any CPU
		{03BAF5E1-C673-4523-B553-1DF85482AFC6}.Ad-Hoc|x86.Build.0 = Release|Any CPU
		{03BAF5E1-C673-4523-B553-1DF85482AFC6}.Ad-Hoc|x86.Deploy.0 = Release|Any CPU
		{03BAF5E1-C673-4523-B553-1DF85482AFC6}.AppStore|Any CPU.ActiveCfg = Release|Any CPU
		{03BAF5E1-C673-4523-B553-1DF85482AFC6}.AppStore|Any CPU.Build.0 = Release|Any CPU
		{03BAF5E1-C673-4523-B553-1DF85482AFC6}.AppStore|Any CPU.Deploy.0 = Release|Any CPU
		{03BAF5E1-C673-4523-B553-1DF85482AFC6}.AppStore|ARM.ActiveCfg = Release|Any CPU
		{03BAF5E1-C673-4523-B553-1DF85482AFC6}.AppStore|ARM.Build.0 = Release|Any CPU
		{03BAF5E1-C673-4523-B553-1DF85482AFC6}.AppStore|ARM.Deploy.0 = Release|Any CPU
		{03BAF5E1-C673-4523-B553-1DF85482AFC6}.AppStore|iPhone.ActiveCfg = Release|Any CPU
		{03BAF5E1-C673-4523-B553-1DF85482AFC6}.AppStore|iPhone.Build.0 = Release|Any CPU
		{03BAF5E1-C673-4523-B553-1DF85482AFC6}.AppStore|iPhone.Deploy.0 = Release|Any CPU
		{03BAF5E1-C673-4523-B553-1DF85482AFC6}.AppStore|iPhoneSimulator.ActiveCfg = Release|Any CPU
		{03BAF5E1-C673-4523-B553-1DF85482AFC6}.AppStore|iPhoneSimulator.Build.0 = Release|Any CPU
		{03BAF5E1-C673-4523-B553-1DF85482AFC6}.AppStore|iPhoneSimulator.Deploy.0 = Release|Any CPU
		{03BAF5E1-C673-4523-B553-1DF85482AFC6}.AppStore|x64.ActiveCfg = Release|Any CPU
		{03BAF5E1-C673-4523-B553-1DF85482AFC6}.AppStore|x64.Build.0 = Release|Any CPU
		{03BAF5E1-C673-4523-B553-1DF85482AFC6}.AppStore|x64.Deploy.0 = Release|Any CPU
		{03BAF5E1-C673-4523-B553-1DF85482AFC6}.AppStore|x86.ActiveCfg = Release|Any CPU
		{03BAF5E1-C673-4523-B553-1DF85482AFC6}.AppStore|x86.Build.0 = Release|Any CPU
		{03BAF5E1-C673-4523-B553-1DF85482AFC6}.AppStore|x86.Deploy.0 = Release|Any CPU
		{03BAF5E1-C673-4523-B553-1DF85482AFC6}.Debug|Any CPU.ActiveCfg = Debug|Any CPU
		{03BAF5E1-C673-4523-B553-1DF85482AFC6}.Debug|Any CPU.Build.0 = Debug|Any CPU
		{03BAF5E1-C673-4523-B553-1DF85482AFC6}.Debug|Any CPU.Deploy.0 = Debug|Any CPU
		{03BAF5E1-C673-4523-B553-1DF85482AFC6}.Debug|ARM.ActiveCfg = Debug|Any CPU
		{03BAF5E1-C673-4523-B553-1DF85482AFC6}.Debug|ARM.Build.0 = Debug|Any CPU
		{03BAF5E1-C673-4523-B553-1DF85482AFC6}.Debug|ARM.Deploy.0 = Debug|Any CPU
		{03BAF5E1-C673-4523-B553-1DF85482AFC6}.Debug|iPhone.ActiveCfg = Debug|Any CPU
		{03BAF5E1-C673-4523-B553-1DF85482AFC6}.Debug|iPhone.Build.0 = Debug|Any CPU
		{03BAF5E1-C673-4523-B553-1DF85482AFC6}.Debug|iPhone.Deploy.0 = Debug|Any CPU
		{03BAF5E1-C673-4523-B553-1DF85482AFC6}.Debug|iPhoneSimulator.ActiveCfg = Debug|Any CPU
		{03BAF5E1-C673-4523-B553-1DF85482AFC6}.Debug|iPhoneSimulator.Build.0 = Debug|Any CPU
		{03BAF5E1-C673-4523-B553-1DF85482AFC6}.Debug|iPhoneSimulator.Deploy.0 = Debug|Any CPU
		{03BAF5E1-C673-4523-B553-1DF85482AFC6}.Debug|x64.ActiveCfg = Debug|Any CPU
		{03BAF5E1-C673-4523-B553-1DF85482AFC6}.Debug|x64.Build.0 = Debug|Any CPU
		{03BAF5E1-C673-4523-B553-1DF85482AFC6}.Debug|x64.Deploy.0 = Debug|Any CPU
		{03BAF5E1-C673-4523-B553-1DF85482AFC6}.Debug|x86.ActiveCfg = Debug|Any CPU
		{03BAF5E1-C673-4523-B553-1DF85482AFC6}.Debug|x86.Build.0 = Debug|Any CPU
		{03BAF5E1-C673-4523-B553-1DF85482AFC6}.Debug|x86.Deploy.0 = Debug|Any CPU
		{03BAF5E1-C673-4523-B553-1DF85482AFC6}.Release|Any CPU.ActiveCfg = Release|Any CPU
		{03BAF5E1-C673-4523-B553-1DF85482AFC6}.Release|Any CPU.Build.0 = Release|Any CPU
		{03BAF5E1-C673-4523-B553-1DF85482AFC6}.Release|Any CPU.Deploy.0 = Release|Any CPU
		{03BAF5E1-C673-4523-B553-1DF85482AFC6}.Release|ARM.ActiveCfg = Release|Any CPU
		{03BAF5E1-C673-4523-B553-1DF85482AFC6}.Release|ARM.Build.0 = Release|Any CPU
		{03BAF5E1-C673-4523-B553-1DF85482AFC6}.Release|ARM.Deploy.0 = Release|Any CPU
		{03BAF5E1-C673-4523-B553-1DF85482AFC6}.Release|iPhone.ActiveCfg = Release|Any CPU
		{03BAF5E1-C673-4523-B553-1DF85482AFC6}.Release|iPhone.Build.0 = Release|Any CPU
		{03BAF5E1-C673-4523-B553-1DF85482AFC6}.Release|iPhone.Deploy.0 = Release|Any CPU
		{03BAF5E1-C673-4523-B553-1DF85482AFC6}.Release|iPhoneSimulator.ActiveCfg = Release|Any CPU
		{03BAF5E1-C673-4523-B553-1DF85482AFC6}.Release|iPhoneSimulator.Build.0 = Release|Any CPU
		{03BAF5E1-C673-4523-B553-1DF85482AFC6}.Release|iPhoneSimulator.Deploy.0 = Release|Any CPU
		{03BAF5E1-C673-4523-B553-1DF85482AFC6}.Release|x64.ActiveCfg = Release|Any CPU
		{03BAF5E1-C673-4523-B553-1DF85482AFC6}.Release|x64.Build.0 = Release|Any CPU
		{03BAF5E1-C673-4523-B553-1DF85482AFC6}.Release|x64.Deploy.0 = Release|Any CPU
		{03BAF5E1-C673-4523-B553-1DF85482AFC6}.Release|x86.ActiveCfg = Release|Any CPU
		{03BAF5E1-C673-4523-B553-1DF85482AFC6}.Release|x86.Build.0 = Release|Any CPU
		{03BAF5E1-C673-4523-B553-1DF85482AFC6}.Release|x86.Deploy.0 = Release|Any CPU
		{67517C8D-D22A-4F05-8CFB-54F9A77DF71F}.Ad-Hoc|Any CPU.ActiveCfg = Release|Any CPU
		{67517C8D-D22A-4F05-8CFB-54F9A77DF71F}.Ad-Hoc|Any CPU.Build.0 = Release|Any CPU
		{67517C8D-D22A-4F05-8CFB-54F9A77DF71F}.Ad-Hoc|ARM.ActiveCfg = Release|Any CPU
		{67517C8D-D22A-4F05-8CFB-54F9A77DF71F}.Ad-Hoc|ARM.Build.0 = Release|Any CPU
		{67517C8D-D22A-4F05-8CFB-54F9A77DF71F}.Ad-Hoc|iPhone.ActiveCfg = Release|Any CPU
		{67517C8D-D22A-4F05-8CFB-54F9A77DF71F}.Ad-Hoc|iPhone.Build.0 = Release|Any CPU
		{67517C8D-D22A-4F05-8CFB-54F9A77DF71F}.Ad-Hoc|iPhoneSimulator.ActiveCfg = Release|Any CPU
		{67517C8D-D22A-4F05-8CFB-54F9A77DF71F}.Ad-Hoc|iPhoneSimulator.Build.0 = Release|Any CPU
		{67517C8D-D22A-4F05-8CFB-54F9A77DF71F}.Ad-Hoc|x64.ActiveCfg = Release|Any CPU
		{67517C8D-D22A-4F05-8CFB-54F9A77DF71F}.Ad-Hoc|x64.Build.0 = Release|Any CPU
		{67517C8D-D22A-4F05-8CFB-54F9A77DF71F}.Ad-Hoc|x86.ActiveCfg = Release|Any CPU
		{67517C8D-D22A-4F05-8CFB-54F9A77DF71F}.Ad-Hoc|x86.Build.0 = Release|Any CPU
		{67517C8D-D22A-4F05-8CFB-54F9A77DF71F}.AppStore|Any CPU.ActiveCfg = Release|Any CPU
		{67517C8D-D22A-4F05-8CFB-54F9A77DF71F}.AppStore|Any CPU.Build.0 = Release|Any CPU
		{67517C8D-D22A-4F05-8CFB-54F9A77DF71F}.AppStore|ARM.ActiveCfg = Release|Any CPU
		{67517C8D-D22A-4F05-8CFB-54F9A77DF71F}.AppStore|ARM.Build.0 = Release|Any CPU
		{67517C8D-D22A-4F05-8CFB-54F9A77DF71F}.AppStore|iPhone.ActiveCfg = Release|Any CPU
		{67517C8D-D22A-4F05-8CFB-54F9A77DF71F}.AppStore|iPhone.Build.0 = Release|Any CPU
		{67517C8D-D22A-4F05-8CFB-54F9A77DF71F}.AppStore|iPhoneSimulator.ActiveCfg = Release|Any CPU
		{67517C8D-D22A-4F05-8CFB-54F9A77DF71F}.AppStore|iPhoneSimulator.Build.0 = Release|Any CPU
		{67517C8D-D22A-4F05-8CFB-54F9A77DF71F}.AppStore|x64.ActiveCfg = Release|Any CPU
		{67517C8D-D22A-4F05-8CFB-54F9A77DF71F}.AppStore|x64.Build.0 = Release|Any CPU
		{67517C8D-D22A-4F05-8CFB-54F9A77DF71F}.AppStore|x86.ActiveCfg = Release|Any CPU
		{67517C8D-D22A-4F05-8CFB-54F9A77DF71F}.AppStore|x86.Build.0 = Release|Any CPU
		{67517C8D-D22A-4F05-8CFB-54F9A77DF71F}.Debug|Any CPU.ActiveCfg = Debug|Any CPU
		{67517C8D-D22A-4F05-8CFB-54F9A77DF71F}.Debug|Any CPU.Build.0 = Debug|Any CPU
		{67517C8D-D22A-4F05-8CFB-54F9A77DF71F}.Debug|ARM.ActiveCfg = Debug|Any CPU
		{67517C8D-D22A-4F05-8CFB-54F9A77DF71F}.Debug|ARM.Build.0 = Debug|Any CPU
		{67517C8D-D22A-4F05-8CFB-54F9A77DF71F}.Debug|iPhone.ActiveCfg = Debug|Any CPU
		{67517C8D-D22A-4F05-8CFB-54F9A77DF71F}.Debug|iPhone.Build.0 = Debug|Any CPU
		{67517C8D-D22A-4F05-8CFB-54F9A77DF71F}.Debug|iPhoneSimulator.ActiveCfg = Debug|Any CPU
		{67517C8D-D22A-4F05-8CFB-54F9A77DF71F}.Debug|iPhoneSimulator.Build.0 = Debug|Any CPU
		{67517C8D-D22A-4F05-8CFB-54F9A77DF71F}.Debug|x64.ActiveCfg = Debug|Any CPU
		{67517C8D-D22A-4F05-8CFB-54F9A77DF71F}.Debug|x64.Build.0 = Debug|Any CPU
		{67517C8D-D22A-4F05-8CFB-54F9A77DF71F}.Debug|x86.ActiveCfg = Debug|Any CPU
		{67517C8D-D22A-4F05-8CFB-54F9A77DF71F}.Debug|x86.Build.0 = Debug|Any CPU
		{67517C8D-D22A-4F05-8CFB-54F9A77DF71F}.Release|Any CPU.ActiveCfg = Release|Any CPU
		{67517C8D-D22A-4F05-8CFB-54F9A77DF71F}.Release|Any CPU.Build.0 = Release|Any CPU
		{67517C8D-D22A-4F05-8CFB-54F9A77DF71F}.Release|ARM.ActiveCfg = Release|Any CPU
		{67517C8D-D22A-4F05-8CFB-54F9A77DF71F}.Release|ARM.Build.0 = Release|Any CPU
		{67517C8D-D22A-4F05-8CFB-54F9A77DF71F}.Release|iPhone.ActiveCfg = Release|Any CPU
		{67517C8D-D22A-4F05-8CFB-54F9A77DF71F}.Release|iPhone.Build.0 = Release|Any CPU
		{67517C8D-D22A-4F05-8CFB-54F9A77DF71F}.Release|iPhoneSimulator.ActiveCfg = Release|Any CPU
		{67517C8D-D22A-4F05-8CFB-54F9A77DF71F}.Release|iPhoneSimulator.Build.0 = Release|Any CPU
		{67517C8D-D22A-4F05-8CFB-54F9A77DF71F}.Release|x64.ActiveCfg = Release|Any CPU
		{67517C8D-D22A-4F05-8CFB-54F9A77DF71F}.Release|x64.Build.0 = Release|Any CPU
		{67517C8D-D22A-4F05-8CFB-54F9A77DF71F}.Release|x86.ActiveCfg = Release|Any CPU
		{67517C8D-D22A-4F05-8CFB-54F9A77DF71F}.Release|x86.Build.0 = Release|Any CPU
		{5D725FE4-A864-4FEA-B182-2C52B2067AD6}.Ad-Hoc|Any CPU.ActiveCfg = Release|x86
		{5D725FE4-A864-4FEA-B182-2C52B2067AD6}.Ad-Hoc|Any CPU.Build.0 = Release|x86
		{5D725FE4-A864-4FEA-B182-2C52B2067AD6}.Ad-Hoc|Any CPU.Deploy.0 = Release|x86
		{5D725FE4-A864-4FEA-B182-2C52B2067AD6}.Ad-Hoc|ARM.ActiveCfg = Release|ARM
		{5D725FE4-A864-4FEA-B182-2C52B2067AD6}.Ad-Hoc|ARM.Build.0 = Release|ARM
		{5D725FE4-A864-4FEA-B182-2C52B2067AD6}.Ad-Hoc|ARM.Deploy.0 = Release|ARM
		{5D725FE4-A864-4FEA-B182-2C52B2067AD6}.Ad-Hoc|iPhone.ActiveCfg = Release|x86
		{5D725FE4-A864-4FEA-B182-2C52B2067AD6}.Ad-Hoc|iPhone.Build.0 = Release|x86
		{5D725FE4-A864-4FEA-B182-2C52B2067AD6}.Ad-Hoc|iPhone.Deploy.0 = Release|x86
		{5D725FE4-A864-4FEA-B182-2C52B2067AD6}.Ad-Hoc|iPhoneSimulator.ActiveCfg = Release|x86
		{5D725FE4-A864-4FEA-B182-2C52B2067AD6}.Ad-Hoc|iPhoneSimulator.Build.0 = Release|x86
		{5D725FE4-A864-4FEA-B182-2C52B2067AD6}.Ad-Hoc|iPhoneSimulator.Deploy.0 = Release|x86
		{5D725FE4-A864-4FEA-B182-2C52B2067AD6}.Ad-Hoc|x64.ActiveCfg = Release|x64
		{5D725FE4-A864-4FEA-B182-2C52B2067AD6}.Ad-Hoc|x64.Build.0 = Release|x64
		{5D725FE4-A864-4FEA-B182-2C52B2067AD6}.Ad-Hoc|x64.Deploy.0 = Release|x64
		{5D725FE4-A864-4FEA-B182-2C52B2067AD6}.Ad-Hoc|x86.ActiveCfg = Release|x86
		{5D725FE4-A864-4FEA-B182-2C52B2067AD6}.Ad-Hoc|x86.Build.0 = Release|x86
		{5D725FE4-A864-4FEA-B182-2C52B2067AD6}.Ad-Hoc|x86.Deploy.0 = Release|x86
		{5D725FE4-A864-4FEA-B182-2C52B2067AD6}.AppStore|Any CPU.ActiveCfg = Release|x86
		{5D725FE4-A864-4FEA-B182-2C52B2067AD6}.AppStore|Any CPU.Build.0 = Release|x86
		{5D725FE4-A864-4FEA-B182-2C52B2067AD6}.AppStore|Any CPU.Deploy.0 = Release|x86
		{5D725FE4-A864-4FEA-B182-2C52B2067AD6}.AppStore|ARM.ActiveCfg = Release|ARM
		{5D725FE4-A864-4FEA-B182-2C52B2067AD6}.AppStore|ARM.Build.0 = Release|ARM
		{5D725FE4-A864-4FEA-B182-2C52B2067AD6}.AppStore|ARM.Deploy.0 = Release|ARM
		{5D725FE4-A864-4FEA-B182-2C52B2067AD6}.AppStore|iPhone.ActiveCfg = Release|x86
		{5D725FE4-A864-4FEA-B182-2C52B2067AD6}.AppStore|iPhone.Build.0 = Release|x86
		{5D725FE4-A864-4FEA-B182-2C52B2067AD6}.AppStore|iPhone.Deploy.0 = Release|x86
		{5D725FE4-A864-4FEA-B182-2C52B2067AD6}.AppStore|iPhoneSimulator.ActiveCfg = Release|x86
		{5D725FE4-A864-4FEA-B182-2C52B2067AD6}.AppStore|iPhoneSimulator.Build.0 = Release|x86
		{5D725FE4-A864-4FEA-B182-2C52B2067AD6}.AppStore|iPhoneSimulator.Deploy.0 = Release|x86
		{5D725FE4-A864-4FEA-B182-2C52B2067AD6}.AppStore|x64.ActiveCfg = Release|x64
		{5D725FE4-A864-4FEA-B182-2C52B2067AD6}.AppStore|x64.Build.0 = Release|x64
		{5D725FE4-A864-4FEA-B182-2C52B2067AD6}.AppStore|x64.Deploy.0 = Release|x64
		{5D725FE4-A864-4FEA-B182-2C52B2067AD6}.AppStore|x86.ActiveCfg = Release|x86
		{5D725FE4-A864-4FEA-B182-2C52B2067AD6}.AppStore|x86.Build.0 = Release|x86
		{5D725FE4-A864-4FEA-B182-2C52B2067AD6}.AppStore|x86.Deploy.0 = Release|x86
		{5D725FE4-A864-4FEA-B182-2C52B2067AD6}.Debug|Any CPU.ActiveCfg = Debug|x86
		{5D725FE4-A864-4FEA-B182-2C52B2067AD6}.Debug|ARM.ActiveCfg = Debug|ARM
		{5D725FE4-A864-4FEA-B182-2C52B2067AD6}.Debug|ARM.Build.0 = Debug|ARM
		{5D725FE4-A864-4FEA-B182-2C52B2067AD6}.Debug|ARM.Deploy.0 = Debug|ARM
		{5D725FE4-A864-4FEA-B182-2C52B2067AD6}.Debug|iPhone.ActiveCfg = Debug|x86
		{5D725FE4-A864-4FEA-B182-2C52B2067AD6}.Debug|iPhoneSimulator.ActiveCfg = Debug|x86
		{5D725FE4-A864-4FEA-B182-2C52B2067AD6}.Debug|x64.ActiveCfg = Debug|x64
		{5D725FE4-A864-4FEA-B182-2C52B2067AD6}.Debug|x64.Build.0 = Debug|x64
		{5D725FE4-A864-4FEA-B182-2C52B2067AD6}.Debug|x64.Deploy.0 = Debug|x64
		{5D725FE4-A864-4FEA-B182-2C52B2067AD6}.Debug|x86.ActiveCfg = Debug|x86
		{5D725FE4-A864-4FEA-B182-2C52B2067AD6}.Debug|x86.Build.0 = Debug|x86
		{5D725FE4-A864-4FEA-B182-2C52B2067AD6}.Debug|x86.Deploy.0 = Debug|x86
		{5D725FE4-A864-4FEA-B182-2C52B2067AD6}.Release|Any CPU.ActiveCfg = Release|x86
		{5D725FE4-A864-4FEA-B182-2C52B2067AD6}.Release|ARM.ActiveCfg = Release|ARM
		{5D725FE4-A864-4FEA-B182-2C52B2067AD6}.Release|ARM.Build.0 = Release|ARM
		{5D725FE4-A864-4FEA-B182-2C52B2067AD6}.Release|ARM.Deploy.0 = Release|ARM
		{5D725FE4-A864-4FEA-B182-2C52B2067AD6}.Release|iPhone.ActiveCfg = Release|x86
		{5D725FE4-A864-4FEA-B182-2C52B2067AD6}.Release|iPhoneSimulator.ActiveCfg = Release|x86
		{5D725FE4-A864-4FEA-B182-2C52B2067AD6}.Release|x64.ActiveCfg = Release|x64
		{5D725FE4-A864-4FEA-B182-2C52B2067AD6}.Release|x64.Build.0 = Release|x64
		{5D725FE4-A864-4FEA-B182-2C52B2067AD6}.Release|x64.Deploy.0 = Release|x64
		{5D725FE4-A864-4FEA-B182-2C52B2067AD6}.Release|x86.ActiveCfg = Release|x86
		{5D725FE4-A864-4FEA-B182-2C52B2067AD6}.Release|x86.Build.0 = Release|x86
		{5D725FE4-A864-4FEA-B182-2C52B2067AD6}.Release|x86.Deploy.0 = Release|x86
		{6479E8FA-81E0-45D1-9A10-78E9FE9FE3D2}.Ad-Hoc|Any CPU.ActiveCfg = Ad-Hoc|iPhone
		{6479E8FA-81E0-45D1-9A10-78E9FE9FE3D2}.Ad-Hoc|ARM.ActiveCfg = Ad-Hoc|iPhone
		{6479E8FA-81E0-45D1-9A10-78E9FE9FE3D2}.Ad-Hoc|iPhone.ActiveCfg = Ad-Hoc|iPhone
		{6479E8FA-81E0-45D1-9A10-78E9FE9FE3D2}.Ad-Hoc|iPhone.Build.0 = Ad-Hoc|iPhone
		{6479E8FA-81E0-45D1-9A10-78E9FE9FE3D2}.Ad-Hoc|iPhoneSimulator.ActiveCfg = Ad-Hoc|iPhoneSimulator
		{6479E8FA-81E0-45D1-9A10-78E9FE9FE3D2}.Ad-Hoc|iPhoneSimulator.Build.0 = Ad-Hoc|iPhoneSimulator
		{6479E8FA-81E0-45D1-9A10-78E9FE9FE3D2}.Ad-Hoc|x64.ActiveCfg = Ad-Hoc|iPhone
		{6479E8FA-81E0-45D1-9A10-78E9FE9FE3D2}.Ad-Hoc|x86.ActiveCfg = Ad-Hoc|iPhone
		{6479E8FA-81E0-45D1-9A10-78E9FE9FE3D2}.AppStore|Any CPU.ActiveCfg = AppStore|iPhone
		{6479E8FA-81E0-45D1-9A10-78E9FE9FE3D2}.AppStore|ARM.ActiveCfg = AppStore|iPhone
		{6479E8FA-81E0-45D1-9A10-78E9FE9FE3D2}.AppStore|iPhone.ActiveCfg = AppStore|iPhone
		{6479E8FA-81E0-45D1-9A10-78E9FE9FE3D2}.AppStore|iPhone.Build.0 = AppStore|iPhone
		{6479E8FA-81E0-45D1-9A10-78E9FE9FE3D2}.AppStore|iPhoneSimulator.ActiveCfg = AppStore|iPhoneSimulator
		{6479E8FA-81E0-45D1-9A10-78E9FE9FE3D2}.AppStore|iPhoneSimulator.Build.0 = AppStore|iPhoneSimulator
		{6479E8FA-81E0-45D1-9A10-78E9FE9FE3D2}.AppStore|x64.ActiveCfg = AppStore|iPhone
		{6479E8FA-81E0-45D1-9A10-78E9FE9FE3D2}.AppStore|x86.ActiveCfg = AppStore|iPhone
		{6479E8FA-81E0-45D1-9A10-78E9FE9FE3D2}.Debug|Any CPU.ActiveCfg = Debug|iPhone
		{6479E8FA-81E0-45D1-9A10-78E9FE9FE3D2}.Debug|ARM.ActiveCfg = Debug|iPhone
		{6479E8FA-81E0-45D1-9A10-78E9FE9FE3D2}.Debug|iPhone.ActiveCfg = Debug|iPhone
		{6479E8FA-81E0-45D1-9A10-78E9FE9FE3D2}.Debug|iPhone.Build.0 = Debug|iPhone
		{6479E8FA-81E0-45D1-9A10-78E9FE9FE3D2}.Debug|iPhoneSimulator.ActiveCfg = Debug|iPhoneSimulator
		{6479E8FA-81E0-45D1-9A10-78E9FE9FE3D2}.Debug|iPhoneSimulator.Build.0 = Debug|iPhoneSimulator
		{6479E8FA-81E0-45D1-9A10-78E9FE9FE3D2}.Debug|x64.ActiveCfg = Debug|iPhone
		{6479E8FA-81E0-45D1-9A10-78E9FE9FE3D2}.Debug|x86.ActiveCfg = Debug|iPhone
		{6479E8FA-81E0-45D1-9A10-78E9FE9FE3D2}.Release|Any CPU.ActiveCfg = Release|iPhone
		{6479E8FA-81E0-45D1-9A10-78E9FE9FE3D2}.Release|ARM.ActiveCfg = Release|iPhone
		{6479E8FA-81E0-45D1-9A10-78E9FE9FE3D2}.Release|iPhone.ActiveCfg = Release|iPhone
		{6479E8FA-81E0-45D1-9A10-78E9FE9FE3D2}.Release|iPhone.Build.0 = Release|iPhone
		{6479E8FA-81E0-45D1-9A10-78E9FE9FE3D2}.Release|iPhoneSimulator.ActiveCfg = Release|iPhoneSimulator
		{6479E8FA-81E0-45D1-9A10-78E9FE9FE3D2}.Release|iPhoneSimulator.Build.0 = Release|iPhoneSimulator
		{6479E8FA-81E0-45D1-9A10-78E9FE9FE3D2}.Release|x64.ActiveCfg = Release|iPhone
		{6479E8FA-81E0-45D1-9A10-78E9FE9FE3D2}.Release|x86.ActiveCfg = Release|iPhone
	EndGlobalSection
	GlobalSection(SolutionProperties) = preSolution
		HideSolutionNode = FALSE
	EndGlobalSection
EndGlobal
